
Microsoft Visual Studio Solution File, Format Version 12.00
# Visual Studio 2013
VisualStudioVersion = 12.0.31101.0
MinimumVisualStudioVersion = 10.0.40219.1
Project("{FAE04EC0-301F-11D3-BF4B-00C04F79EFBC}") = "ExamPrepTask3", "ExamPrepTask3\ExamPrepTask3.csproj", "{9A347761-A039-415A-B768-AF7C552B98C0}"
EndProject
Project("{FAE04EC0-301F-11D3-BF4B-00C04F79EFBC}") = "ExamPrepTask1", "ExamPrepTask1\ExamPrepTask1.csproj", "{D2B70CCD-8547-4613-8BDC-0DF101BE466F}"
EndProject
Project("{FAE04EC0-301F-11D3-BF4B-00C04F79EFBC}") = "ExamPrepTask2", "ExamPrepTask2\ExamPrepTask2.csproj", "{987B088E-2B6F-4983-B98D-0849E5529E5C}"
EndProject
Global
	GlobalSection(SolutionConfigurationPlatforms) = preSolution
		Debug|Any CPU = Debug|Any CPU
		Release|Any CPU = Release|Any CPU
	EndGlobalSection
	GlobalSection(ProjectConfigurationPlatforms) = postSolution
		{9A347761-A039-415A-B768-AF7C552B98C0}.Debug|Any CPU.ActiveCfg = Debug|Any CPU
		{9A347761-A039-415A-B768-AF7C552B98C0}.Debug|Any CPU.Build.0 = Debug|Any CPU
		{9A347761-A039-415A-B768-AF7C552B98C0}.Release|Any CPU.ActiveCfg = Release|Any CPU
		{9A347761-A039-415A-B768-AF7C552B98C0}.Release|Any CPU.Build.0 = Release|Any CPU
		{D2B70CCD-8547-4613-8BDC-0DF101BE466F}.Debug|Any CPU.ActiveCfg = Debug|Any CPU
		{D2B70CCD-8547-4613-8BDC-0DF101BE466F}.Debug|Any CPU.Build.0 = Debug|Any CPU
		{D2B70CCD-8547-4613-8BDC-0DF101BE466F}.Release|Any CPU.ActiveCfg = Release|Any CPU
		{D2B70CCD-8547-4613-8BDC-0DF101BE466F}.Release|Any CPU.Build.0 = Release|Any CPU
		{987B088E-2B6F-4983-B98D-0849E5529E5C}.Debug|Any CPU.ActiveCfg = Debug|Any CPU
		{987B088E-2B6F-4983-B98D-0849E5529E5C}.Debug|Any CPU.Build.0 = Debug|Any CPU
		{987B088E-2B6F-4983-B98D-0849E5529E5C}.Release|Any CPU.ActiveCfg = Release|Any CPU
		{987B088E-2B6F-4983-B98D-0849E5529E5C}.Release|Any CPU.Build.0 = Release|Any CPU
	EndGlobalSection
	GlobalSection(SolutionProperties) = preSolution
		HideSolutionNode = FALSE
	EndGlobalSection
EndGlobal
